
Microsoft Visual Studio Solution File, Format Version 12.00
# Visual Studio Version 16
VisualStudioVersion = 16.0.30523.141
MinimumVisualStudioVersion = 10.0.40219.1
Project("{FAE04EC0-301F-11D3-BF4B-00C04F79EFBC}") = "Jatek", "Jatek\Jatek.csproj", "{3046CDB8-4FEB-490B-B3E6-7AE0DB0ACCA5}"
EndProject
Global
	GlobalSection(SolutionConfigurationPlatforms) = preSolution
		Debug|Any CPU = Debug|Any CPU
		Release|Any CPU = Release|Any CPU
	EndGlobalSection
	GlobalSection(ProjectConfigurationPlatforms) = postSolution
		{3046CDB8-4FEB-490B-B3E6-7AE0DB0ACCA5}.Debug|Any CPU.ActiveCfg = Debug|Any CPU
		{3046CDB8-4FEB-490B-B3E6-7AE0DB0ACCA5}.Debug|Any CPU.Build.0 = Debug|Any CPU
		{3046CDB8-4FEB-490B-B3E6-7AE0DB0ACCA5}.Release|Any CPU.ActiveCfg = Release|Any CPU
		{3046CDB8-4FEB-490B-B3E6-7AE0DB0ACCA5}.Release|Any CPU.Build.0 = Release|Any CPU
	EndGlobalSection
	GlobalSection(SolutionProperties) = preSolution
		HideSolutionNode = FALSE
	EndGlobalSection
	GlobalSection(ExtensibilityGlobals) = postSolution
		SolutionGuid = {7DC79C00-A707-4F68-9B62-191B7D38B835}
	EndGlobalSection
EndGlobal
